// !$*UTF8*$!
{
	archiveVersion = 1;
	classes = {
	};
	objectVersion = 46;
	objects = {

/* Begin PBXBuildFile section */
		241A22171349137B00574B99 /* DCTUIKitAppDelegate.m in Sources */ = {isa = PBXBuildFile; fileRef = 241A22161349137B00574B99 /* DCTUIKitAppDelegate.m */; };
		241A2249134913D200574B99 /* UIAlertView+DCTErrorHandling.h in Headers */ = {isa = PBXBuildFile; fileRef = 241A2219134913D200574B99 /* UIAlertView+DCTErrorHandling.h */; };
		241A224A134913D200574B99 /* UIAlertView+DCTErrorHandling.m in Sources */ = {isa = PBXBuildFile; fileRef = 241A221A134913D200574B99 /* UIAlertView+DCTErrorHandling.m */; };
		241A224B134913D200574B99 /* UIColor+DCTComponents.h in Headers */ = {isa = PBXBuildFile; fileRef = 241A221B134913D200574B99 /* UIColor+DCTComponents.h */; };
		241A224C134913D200574B99 /* UIColor+DCTComponents.m in Sources */ = {isa = PBXBuildFile; fileRef = 241A221C134913D200574B99 /* UIColor+DCTComponents.m */; };
		241A224D134913D200574B99 /* UIColor+DCTHex.h in Headers */ = {isa = PBXBuildFile; fileRef = 241A221D134913D200574B99 /* UIColor+DCTHex.h */; };
		241A224E134913D200574B99 /* UIColor+DCTHex.m in Sources */ = {isa = PBXBuildFile; fileRef = 241A221E134913D200574B99 /* UIColor+DCTHex.m */; };
		241A224F134913D200574B99 /* UIDevice+DCTFeatureCheck.h in Headers */ = {isa = PBXBuildFile; fileRef = 241A221F134913D200574B99 /* UIDevice+DCTFeatureCheck.h */; };
		241A2250134913D200574B99 /* UIDevice+DCTFeatureCheck.m in Sources */ = {isa = PBXBuildFile; fileRef = 241A2220134913D200574B99 /* UIDevice+DCTFeatureCheck.m */; };
		241A2251134913D200574B99 /* UIDevice+DCTSystemVersion.h in Headers */ = {isa = PBXBuildFile; fileRef = 241A2221134913D200574B99 /* UIDevice+DCTSystemVersion.h */; };
		241A2252134913D200574B99 /* UIDevice+DCTSystemVersion.m in Sources */ = {isa = PBXBuildFile; fileRef = 241A2222134913D200574B99 /* UIDevice+DCTSystemVersion.m */; };
		241A2253134913D200574B99 /* UIResponder+DCTNextResponderExtensions.h in Headers */ = {isa = PBXBuildFile; fileRef = 241A2223134913D200574B99 /* UIResponder+DCTNextResponderExtensions.h */; };
		241A2254134913D200574B99 /* UIResponder+DCTNextResponderExtensions.m in Sources */ = {isa = PBXBuildFile; fileRef = 241A2224134913D200574B99 /* UIResponder+DCTNextResponderExtensions.m */; };
		241A2255134913D200574B99 /* UITableViewCell+DCTExtensions.h in Headers */ = {isa = PBXBuildFile; fileRef = 241A2225134913D200574B99 /* UITableViewCell+DCTExtensions.h */; };
		241A2256134913D200574B99 /* UITableViewCell+DCTExtensions.m in Sources */ = {isa = PBXBuildFile; fileRef = 241A2226134913D200574B99 /* UITableViewCell+DCTExtensions.m */; };
		241A2257134913D200574B99 /* UIView+DCTLogging.h in Headers */ = {isa = PBXBuildFile; fileRef = 241A2227134913D200574B99 /* UIView+DCTLogging.h */; };
		241A2258134913D200574B99 /* UIView+DCTLogging.m in Sources */ = {isa = PBXBuildFile; fileRef = 241A2228134913D200574B99 /* UIView+DCTLogging.m */; };
		241A2259134913D200574B99 /* UIView+DCTSubviewExtensions.h in Headers */ = {isa = PBXBuildFile; fileRef = 241A2229134913D200574B99 /* UIView+DCTSubviewExtensions.h */; };
		241A225A134913D200574B99 /* UIView+DCTSubviewExtensions.m in Sources */ = {isa = PBXBuildFile; fileRef = 241A222A134913D200574B99 /* UIView+DCTSubviewExtensions.m */; };
		241A225B134913D200574B99 /* UIViewController+DCTExtras.h in Headers */ = {isa = PBXBuildFile; fileRef = 241A222B134913D200574B99 /* UIViewController+DCTExtras.h */; };
		241A225C134913D200574B99 /* UIViewController+DCTExtras.m in Sources */ = {isa = PBXBuildFile; fileRef = 241A222C134913D200574B99 /* UIViewController+DCTExtras.m */; };
		241A225D134913D200574B99 /* DCTCoreDataTableViewController.h in Headers */ = {isa = PBXBuildFile; fileRef = 241A222E134913D200574B99 /* DCTCoreDataTableViewController.h */; };
		241A225E134913D200574B99 /* DCTCoreDataTableViewController.m in Sources */ = {isa = PBXBuildFile; fileRef = 241A222F134913D200574B99 /* DCTCoreDataTableViewController.m */; };
		241A225F134913D200574B99 /* DCTCoreDataViewController.h in Headers */ = {isa = PBXBuildFile; fileRef = 241A2230134913D200574B99 /* DCTCoreDataViewController.h */; };
		241A2260134913D200574B99 /* DCTCoreDataViewController.m in Sources */ = {isa = PBXBuildFile; fileRef = 241A2231134913D200574B99 /* DCTCoreDataViewController.m */; };
		241A2261134913D200574B99 /* DCTFetchedResultsTableViewController.h in Headers */ = {isa = PBXBuildFile; fileRef = 241A2232134913D200574B99 /* DCTFetchedResultsTableViewController.h */; };
		241A2262134913D200574B99 /* DCTFetchedResultsTableViewController.m in Sources */ = {isa = PBXBuildFile; fileRef = 241A2233134913D200574B99 /* DCTFetchedResultsTableViewController.m */; };
		241A2263134913D200574B99 /* UIViewController+DCTCoreDataViewController.h in Headers */ = {isa = PBXBuildFile; fileRef = 241A2234134913D200574B99 /* UIViewController+DCTCoreDataViewController.h */; };
		241A2264134913D200574B99 /* UIViewController+DCTCoreDataViewController.m in Sources */ = {isa = PBXBuildFile; fileRef = 241A2235134913D200574B99 /* UIViewController+DCTCoreDataViewController.m */; };
		241A2265134913D200574B99 /* DCTTabBar.h in Headers */ = {isa = PBXBuildFile; fileRef = 241A2237134913D200574B99 /* DCTTabBar.h */; };
		241A2266134913D200574B99 /* DCTTabBar.m in Sources */ = {isa = PBXBuildFile; fileRef = 241A2238134913D200574B99 /* DCTTabBar.m */; };
		241A2267134913D200574B99 /* DCTTabBarController.h in Headers */ = {isa = PBXBuildFile; fileRef = 241A2239134913D200574B99 /* DCTTabBarController.h */; };
		241A2268134913D200574B99 /* DCTTabBarController.m in Sources */ = {isa = PBXBuildFile; fileRef = 241A223A134913D200574B99 /* DCTTabBarController.m */; };
		241A2269134913D200574B99 /* DCTUITabBar.h in Headers */ = {isa = PBXBuildFile; fileRef = 241A223B134913D200574B99 /* DCTUITabBar.h */; };
		241A226A134913D200574B99 /* DCTUITabBar.m in Sources */ = {isa = PBXBuildFile; fileRef = 241A223C134913D200574B99 /* DCTUITabBar.m */; };
		241A226B134913D200574B99 /* DCTTableViewSectionController.h in Headers */ = {isa = PBXBuildFile; fileRef = 241A223E134913D200574B99 /* DCTTableViewSectionController.h */; };
		241A226C134913D200574B99 /* DCTTableViewSectionController.m in Sources */ = {isa = PBXBuildFile; fileRef = 241A223F134913D200574B99 /* DCTTableViewSectionController.m */; };
		241A226D134913D200574B99 /* DCTContainerViewController.h in Headers */ = {isa = PBXBuildFile; fileRef = 241A2241134913D200574B99 /* DCTContainerViewController.h */; };
		241A226E134913D200574B99 /* DCTContainerViewController.m in Sources */ = {isa = PBXBuildFile; fileRef = 241A2242134913D200574B99 /* DCTContainerViewController.m */; };
		241A226F134913D200574B99 /* DCTContentViewController.h in Headers */ = {isa = PBXBuildFile; fileRef = 241A2243134913D200574B99 /* DCTContentViewController.h */; };
		241A2270134913D200574B99 /* DCTContentViewController.m in Sources */ = {isa = PBXBuildFile; fileRef = 241A2244134913D200574B99 /* DCTContentViewController.m */; };
		241A2271134913D200574B99 /* DCTTableViewController.h in Headers */ = {isa = PBXBuildFile; fileRef = 241A2245134913D200574B99 /* DCTTableViewController.h */; };
		241A2272134913D200574B99 /* DCTTableViewController.m in Sources */ = {isa = PBXBuildFile; fileRef = 241A2246134913D200574B99 /* DCTTableViewController.m */; };
		241A2273134913D200574B99 /* DCTViewController.h in Headers */ = {isa = PBXBuildFile; fileRef = 241A2247134913D200574B99 /* DCTViewController.h */; };
		241A2274134913D200574B99 /* DCTViewController.m in Sources */ = {isa = PBXBuildFile; fileRef = 241A2248134913D200574B99 /* DCTViewController.m */; };
		241A22B6134913E800574B99 /* TestViewController.m in Sources */ = {isa = PBXBuildFile; fileRef = 241A229D134913E800574B99 /* TestViewController.m */; };
		241A22B7134913E800574B99 /* TestViewController.xib in Resources */ = {isa = PBXBuildFile; fileRef = 241A229E134913E800574B99 /* TestViewController.xib */; };
		241A22B8134913F600574B99 /* libDCTUIKit.a in Frameworks */ = {isa = PBXBuildFile; fileRef = 24B8EB2C134912BF007A7E2B /* libDCTUIKit.a */; };
		24B8EB30134912BF007A7E2B /* Foundation.framework in Frameworks */ = {isa = PBXBuildFile; fileRef = 24B8EB2F134912BF007A7E2B /* Foundation.framework */; };
		24B8EB3B134912BF007A7E2B /* UIKit.framework in Frameworks */ = {isa = PBXBuildFile; fileRef = 24B8EB3A134912BF007A7E2B /* UIKit.framework */; };
		24B8EB3C134912BF007A7E2B /* Foundation.framework in Frameworks */ = {isa = PBXBuildFile; fileRef = 24B8EB2F134912BF007A7E2B /* Foundation.framework */; };
		24B8EB3E134912BF007A7E2B /* CoreGraphics.framework in Frameworks */ = {isa = PBXBuildFile; fileRef = 24B8EB3D134912BF007A7E2B /* CoreGraphics.framework */; };
		24B8EB41134912BF007A7E2B /* libDCTUIKit.a in Frameworks */ = {isa = PBXBuildFile; fileRef = 24B8EB2C134912BF007A7E2B /* libDCTUIKit.a */; };
		24B8EB47134912BF007A7E2B /* InfoPlist.strings in Resources */ = {isa = PBXBuildFile; fileRef = 24B8EB45134912BF007A7E2B /* InfoPlist.strings */; };
		24B8EB4A134912BF007A7E2B /* DCTUIKitTests.h in Resources */ = {isa = PBXBuildFile; fileRef = 24B8EB49134912BF007A7E2B /* DCTUIKitTests.h */; };
		24B8EB4C134912BF007A7E2B /* DCTUIKitTests.m in Sources */ = {isa = PBXBuildFile; fileRef = 24B8EB4B134912BF007A7E2B /* DCTUIKitTests.m */; };
		24B8EB6113491326007A7E2B /* UIKit.framework in Frameworks */ = {isa = PBXBuildFile; fileRef = 24B8EB3A134912BF007A7E2B /* UIKit.framework */; };
		24B8EB6213491326007A7E2B /* Foundation.framework in Frameworks */ = {isa = PBXBuildFile; fileRef = 24B8EB2F134912BF007A7E2B /* Foundation.framework */; };
		24B8EB6313491326007A7E2B /* CoreGraphics.framework in Frameworks */ = {isa = PBXBuildFile; fileRef = 24B8EB3D134912BF007A7E2B /* CoreGraphics.framework */; };
		24B8EB6513491326007A7E2B /* CoreData.framework in Frameworks */ = {isa = PBXBuildFile; fileRef = 24B8EB6413491326007A7E2B /* CoreData.framework */; };
		24B8EB6B13491326007A7E2B /* InfoPlist.strings in Resources */ = {isa = PBXBuildFile; fileRef = 24B8EB6913491326007A7E2B /* InfoPlist.strings */; };
		24B8EB6E13491326007A7E2B /* main.m in Sources */ = {isa = PBXBuildFile; fileRef = 24B8EB6D13491326007A7E2B /* main.m */; };
		24B8EB7413491326007A7E2B /* MainWindow.xib in Resources */ = {isa = PBXBuildFile; fileRef = 24B8EB7213491326007A7E2B /* MainWindow.xib */; };
		24B8EB7713491326007A7E2B /* DCTUIKitApp.xcdatamodeld in Sources */ = {isa = PBXBuildFile; fileRef = 24B8EB7513491326007A7E2B /* DCTUIKitApp.xcdatamodeld */; };
		24F54A74137C8711000AC87E /* UIWindow+DCTFirstResponder.h in Headers */ = {isa = PBXBuildFile; fileRef = 24F54A72137C8711000AC87E /* UIWindow+DCTFirstResponder.h */; };
		24F54A75137C8711000AC87E /* UIWindow+DCTFirstResponder.m in Sources */ = {isa = PBXBuildFile; fileRef = 24F54A73137C8711000AC87E /* UIWindow+DCTFirstResponder.m */; };
		24F54A76137C8711000AC87E /* UIWindow+DCTFirstResponder.m in Sources */ = {isa = PBXBuildFile; fileRef = 24F54A73137C8711000AC87E /* UIWindow+DCTFirstResponder.m */; };
		24F54A77137C8711000AC87E /* UIWindow+DCTFirstResponder.m in Sources */ = {isa = PBXBuildFile; fileRef = 24F54A73137C8711000AC87E /* UIWindow+DCTFirstResponder.m */; };
		24F54A7B137C88DA000AC87E /* UIView+DCTFirstResponder.h in Headers */ = {isa = PBXBuildFile; fileRef = 24F54A79137C88DA000AC87E /* UIView+DCTFirstResponder.h */; };
		24F54A7C137C88DA000AC87E /* UIView+DCTFirstResponder.m in Sources */ = {isa = PBXBuildFile; fileRef = 24F54A7A137C88DA000AC87E /* UIView+DCTFirstResponder.m */; };
/* End PBXBuildFile section */

/* Begin PBXContainerItemProxy section */
		24B8EB3F134912BF007A7E2B /* PBXContainerItemProxy */ = {
			isa = PBXContainerItemProxy;
			containerPortal = 24B8EB23134912BF007A7E2B /* Project object */;
			proxyType = 1;
			remoteGlobalIDString = 24B8EB2B134912BF007A7E2B;
			remoteInfo = DCTUIKit;
		};
/* End PBXContainerItemProxy section */

/* Begin PBXFileReference section */
		241A22151349137B00574B99 /* DCTUIKitAppDelegate.h */ = {isa = PBXFileReference; fileEncoding = 4; lastKnownFileType = sourcecode.c.h; path = DCTUIKitAppDelegate.h; sourceTree = "<group>"; };
		241A22161349137B00574B99 /* DCTUIKitAppDelegate.m */ = {isa = PBXFileReference; fileEncoding = 4; lastKnownFileType = sourcecode.c.objc; path = DCTUIKitAppDelegate.m; sourceTree = "<group>"; };
		241A2219134913D200574B99 /* UIAlertView+DCTErrorHandling.h */ = {isa = PBXFileReference; fileEncoding = 4; lastKnownFileType = sourcecode.c.h; path = "UIAlertView+DCTErrorHandling.h"; sourceTree = "<group>"; };
		241A221A134913D200574B99 /* UIAlertView+DCTErrorHandling.m */ = {isa = PBXFileReference; fileEncoding = 4; lastKnownFileType = sourcecode.c.objc; path = "UIAlertView+DCTErrorHandling.m"; sourceTree = "<group>"; };
		241A221B134913D200574B99 /* UIColor+DCTComponents.h */ = {isa = PBXFileReference; fileEncoding = 4; lastKnownFileType = sourcecode.c.h; path = "UIColor+DCTComponents.h"; sourceTree = "<group>"; };
		241A221C134913D200574B99 /* UIColor+DCTComponents.m */ = {isa = PBXFileReference; fileEncoding = 4; lastKnownFileType = sourcecode.c.objc; path = "UIColor+DCTComponents.m"; sourceTree = "<group>"; };
		241A221D134913D200574B99 /* UIColor+DCTHex.h */ = {isa = PBXFileReference; fileEncoding = 4; lastKnownFileType = sourcecode.c.h; path = "UIColor+DCTHex.h"; sourceTree = "<group>"; };
		241A221E134913D200574B99 /* UIColor+DCTHex.m */ = {isa = PBXFileReference; fileEncoding = 4; lastKnownFileType = sourcecode.c.objc; path = "UIColor+DCTHex.m"; sourceTree = "<group>"; };
		241A221F134913D200574B99 /* UIDevice+DCTFeatureCheck.h */ = {isa = PBXFileReference; fileEncoding = 4; lastKnownFileType = sourcecode.c.h; path = "UIDevice+DCTFeatureCheck.h"; sourceTree = "<group>"; };
		241A2220134913D200574B99 /* UIDevice+DCTFeatureCheck.m */ = {isa = PBXFileReference; fileEncoding = 4; lastKnownFileType = sourcecode.c.objc; path = "UIDevice+DCTFeatureCheck.m"; sourceTree = "<group>"; };
		241A2221134913D200574B99 /* UIDevice+DCTSystemVersion.h */ = {isa = PBXFileReference; fileEncoding = 4; lastKnownFileType = sourcecode.c.h; path = "UIDevice+DCTSystemVersion.h"; sourceTree = "<group>"; };
		241A2222134913D200574B99 /* UIDevice+DCTSystemVersion.m */ = {isa = PBXFileReference; fileEncoding = 4; lastKnownFileType = sourcecode.c.objc; path = "UIDevice+DCTSystemVersion.m"; sourceTree = "<group>"; };
		241A2223134913D200574B99 /* UIResponder+DCTNextResponderExtensions.h */ = {isa = PBXFileReference; fileEncoding = 4; lastKnownFileType = sourcecode.c.h; path = "UIResponder+DCTNextResponderExtensions.h"; sourceTree = "<group>"; };
		241A2224134913D200574B99 /* UIResponder+DCTNextResponderExtensions.m */ = {isa = PBXFileReference; fileEncoding = 4; lastKnownFileType = sourcecode.c.objc; path = "UIResponder+DCTNextResponderExtensions.m"; sourceTree = "<group>"; };
		241A2225134913D200574B99 /* UITableViewCell+DCTExtensions.h */ = {isa = PBXFileReference; fileEncoding = 4; lastKnownFileType = sourcecode.c.h; path = "UITableViewCell+DCTExtensions.h"; sourceTree = "<group>"; };
		241A2226134913D200574B99 /* UITableViewCell+DCTExtensions.m */ = {isa = PBXFileReference; fileEncoding = 4; lastKnownFileType = sourcecode.c.objc; path = "UITableViewCell+DCTExtensions.m"; sourceTree = "<group>"; };
		241A2227134913D200574B99 /* UIView+DCTLogging.h */ = {isa = PBXFileReference; fileEncoding = 4; lastKnownFileType = sourcecode.c.h; path = "UIView+DCTLogging.h"; sourceTree = "<group>"; };
		241A2228134913D200574B99 /* UIView+DCTLogging.m */ = {isa = PBXFileReference; fileEncoding = 4; lastKnownFileType = sourcecode.c.objc; path = "UIView+DCTLogging.m"; sourceTree = "<group>"; };
		241A2229134913D200574B99 /* UIView+DCTSubviewExtensions.h */ = {isa = PBXFileReference; fileEncoding = 4; lastKnownFileType = sourcecode.c.h; path = "UIView+DCTSubviewExtensions.h"; sourceTree = "<group>"; };
		241A222A134913D200574B99 /* UIView+DCTSubviewExtensions.m */ = {isa = PBXFileReference; fileEncoding = 4; lastKnownFileType = sourcecode.c.objc; path = "UIView+DCTSubviewExtensions.m"; sourceTree = "<group>"; };
		241A222B134913D200574B99 /* UIViewController+DCTExtras.h */ = {isa = PBXFileReference; fileEncoding = 4; lastKnownFileType = sourcecode.c.h; path = "UIViewController+DCTExtras.h"; sourceTree = "<group>"; };
		241A222C134913D200574B99 /* UIViewController+DCTExtras.m */ = {isa = PBXFileReference; fileEncoding = 4; lastKnownFileType = sourcecode.c.objc; path = "UIViewController+DCTExtras.m"; sourceTree = "<group>"; };
		241A222E134913D200574B99 /* DCTCoreDataTableViewController.h */ = {isa = PBXFileReference; fileEncoding = 4; lastKnownFileType = sourcecode.c.h; path = DCTCoreDataTableViewController.h; sourceTree = "<group>"; };
		241A222F134913D200574B99 /* DCTCoreDataTableViewController.m */ = {isa = PBXFileReference; fileEncoding = 4; lastKnownFileType = sourcecode.c.objc; path = DCTCoreDataTableViewController.m; sourceTree = "<group>"; };
		241A2230134913D200574B99 /* DCTCoreDataViewController.h */ = {isa = PBXFileReference; fileEncoding = 4; lastKnownFileType = sourcecode.c.h; path = DCTCoreDataViewController.h; sourceTree = "<group>"; };
		241A2231134913D200574B99 /* DCTCoreDataViewController.m */ = {isa = PBXFileReference; fileEncoding = 4; lastKnownFileType = sourcecode.c.objc; path = DCTCoreDataViewController.m; sourceTree = "<group>"; };
		241A2232134913D200574B99 /* DCTFetchedResultsTableViewController.h */ = {isa = PBXFileReference; fileEncoding = 4; lastKnownFileType = sourcecode.c.h; path = DCTFetchedResultsTableViewController.h; sourceTree = "<group>"; };
		241A2233134913D200574B99 /* DCTFetchedResultsTableViewController.m */ = {isa = PBXFileReference; fileEncoding = 4; lastKnownFileType = sourcecode.c.objc; path = DCTFetchedResultsTableViewController.m; sourceTree = "<group>"; };
		241A2234134913D200574B99 /* UIViewController+DCTCoreDataViewController.h */ = {isa = PBXFileReference; fileEncoding = 4; lastKnownFileType = sourcecode.c.h; path = "UIViewController+DCTCoreDataViewController.h"; sourceTree = "<group>"; };
		241A2235134913D200574B99 /* UIViewController+DCTCoreDataViewController.m */ = {isa = PBXFileReference; fileEncoding = 4; lastKnownFileType = sourcecode.c.objc; path = "UIViewController+DCTCoreDataViewController.m"; sourceTree = "<group>"; };
		241A2237134913D200574B99 /* DCTTabBar.h */ = {isa = PBXFileReference; fileEncoding = 4; lastKnownFileType = sourcecode.c.h; path = DCTTabBar.h; sourceTree = "<group>"; };
		241A2238134913D200574B99 /* DCTTabBar.m */ = {isa = PBXFileReference; fileEncoding = 4; lastKnownFileType = sourcecode.c.objc; path = DCTTabBar.m; sourceTree = "<group>"; };
		241A2239134913D200574B99 /* DCTTabBarController.h */ = {isa = PBXFileReference; fileEncoding = 4; lastKnownFileType = sourcecode.c.h; path = DCTTabBarController.h; sourceTree = "<group>"; };
		241A223A134913D200574B99 /* DCTTabBarController.m */ = {isa = PBXFileReference; fileEncoding = 4; lastKnownFileType = sourcecode.c.objc; path = DCTTabBarController.m; sourceTree = "<group>"; };
		241A223B134913D200574B99 /* DCTUITabBar.h */ = {isa = PBXFileReference; fileEncoding = 4; lastKnownFileType = sourcecode.c.h; path = DCTUITabBar.h; sourceTree = "<group>"; };
		241A223C134913D200574B99 /* DCTUITabBar.m */ = {isa = PBXFileReference; fileEncoding = 4; lastKnownFileType = sourcecode.c.objc; path = DCTUITabBar.m; sourceTree = "<group>"; };
		241A223E134913D200574B99 /* DCTTableViewSectionController.h */ = {isa = PBXFileReference; fileEncoding = 4; lastKnownFileType = sourcecode.c.h; path = DCTTableViewSectionController.h; sourceTree = "<group>"; };
		241A223F134913D200574B99 /* DCTTableViewSectionController.m */ = {isa = PBXFileReference; fileEncoding = 4; lastKnownFileType = sourcecode.c.objc; path = DCTTableViewSectionController.m; sourceTree = "<group>"; };
		241A2241134913D200574B99 /* DCTContainerViewController.h */ = {isa = PBXFileReference; fileEncoding = 4; lastKnownFileType = sourcecode.c.h; path = DCTContainerViewController.h; sourceTree = "<group>"; };
		241A2242134913D200574B99 /* DCTContainerViewController.m */ = {isa = PBXFileReference; fileEncoding = 4; lastKnownFileType = sourcecode.c.objc; path = DCTContainerViewController.m; sourceTree = "<group>"; };
		241A2243134913D200574B99 /* DCTContentViewController.h */ = {isa = PBXFileReference; fileEncoding = 4; lastKnownFileType = sourcecode.c.h; path = DCTContentViewController.h; sourceTree = "<group>"; };
		241A2244134913D200574B99 /* DCTContentViewController.m */ = {isa = PBXFileReference; fileEncoding = 4; lastKnownFileType = sourcecode.c.objc; path = DCTContentViewController.m; sourceTree = "<group>"; };
		241A2245134913D200574B99 /* DCTTableViewController.h */ = {isa = PBXFileReference; fileEncoding = 4; lastKnownFileType = sourcecode.c.h; path = DCTTableViewController.h; sourceTree = "<group>"; };
		241A2246134913D200574B99 /* DCTTableViewController.m */ = {isa = PBXFileReference; fileEncoding = 4; lastKnownFileType = sourcecode.c.objc; path = DCTTableViewController.m; sourceTree = "<group>"; };
		241A2247134913D200574B99 /* DCTViewController.h */ = {isa = PBXFileReference; fileEncoding = 4; lastKnownFileType = sourcecode.c.h; path = DCTViewController.h; sourceTree = "<group>"; };
		241A2248134913D200574B99 /* DCTViewController.m */ = {isa = PBXFileReference; fileEncoding = 4; lastKnownFileType = sourcecode.c.objc; path = DCTViewController.m; sourceTree = "<group>"; };
		241A229C134913E800574B99 /* TestViewController.h */ = {isa = PBXFileReference; fileEncoding = 4; lastKnownFileType = sourcecode.c.h; path = TestViewController.h; sourceTree = "<group>"; };
		241A229D134913E800574B99 /* TestViewController.m */ = {isa = PBXFileReference; fileEncoding = 4; lastKnownFileType = sourcecode.c.objc; path = TestViewController.m; sourceTree = "<group>"; };
		241A229E134913E800574B99 /* TestViewController.xib */ = {isa = PBXFileReference; fileEncoding = 4; lastKnownFileType = file.xib; path = TestViewController.xib; sourceTree = "<group>"; };
		24B8EB2C134912BF007A7E2B /* libDCTUIKit.a */ = {isa = PBXFileReference; explicitFileType = archive.ar; includeInIndex = 0; path = libDCTUIKit.a; sourceTree = BUILT_PRODUCTS_DIR; };
		24B8EB2F134912BF007A7E2B /* Foundation.framework */ = {isa = PBXFileReference; lastKnownFileType = wrapper.framework; name = Foundation.framework; path = System/Library/Frameworks/Foundation.framework; sourceTree = SDKROOT; };
		24B8EB33134912BF007A7E2B /* DCTUIKit-Prefix.pch */ = {isa = PBXFileReference; lastKnownFileType = sourcecode.c.h; path = "DCTUIKit-Prefix.pch"; sourceTree = "<group>"; };
		24B8EB39134912BF007A7E2B /* DCTUIKitTests.octest */ = {isa = PBXFileReference; explicitFileType = wrapper.cfbundle; includeInIndex = 0; path = DCTUIKitTests.octest; sourceTree = BUILT_PRODUCTS_DIR; };
		24B8EB3A134912BF007A7E2B /* UIKit.framework */ = {isa = PBXFileReference; lastKnownFileType = wrapper.framework; name = UIKit.framework; path = System/Library/Frameworks/UIKit.framework; sourceTree = SDKROOT; };
		24B8EB3D134912BF007A7E2B /* CoreGraphics.framework */ = {isa = PBXFileReference; lastKnownFileType = wrapper.framework; name = CoreGraphics.framework; path = System/Library/Frameworks/CoreGraphics.framework; sourceTree = SDKROOT; };
		24B8EB44134912BF007A7E2B /* DCTUIKitTests-Info.plist */ = {isa = PBXFileReference; lastKnownFileType = text.plist.xml; path = "DCTUIKitTests-Info.plist"; sourceTree = "<group>"; };
		24B8EB46134912BF007A7E2B /* en */ = {isa = PBXFileReference; lastKnownFileType = text.plist.strings; name = en; path = en.lproj/InfoPlist.strings; sourceTree = "<group>"; };
		24B8EB48134912BF007A7E2B /* DCTUIKitTests-Prefix.pch */ = {isa = PBXFileReference; lastKnownFileType = sourcecode.c.h; path = "DCTUIKitTests-Prefix.pch"; sourceTree = "<group>"; };
		24B8EB49134912BF007A7E2B /* DCTUIKitTests.h */ = {isa = PBXFileReference; lastKnownFileType = sourcecode.c.h; path = DCTUIKitTests.h; sourceTree = "<group>"; };
		24B8EB4B134912BF007A7E2B /* DCTUIKitTests.m */ = {isa = PBXFileReference; lastKnownFileType = sourcecode.c.objc; path = DCTUIKitTests.m; sourceTree = "<group>"; };
		24B8EB5F13491326007A7E2B /* DCTUIKitApp.app */ = {isa = PBXFileReference; explicitFileType = wrapper.application; includeInIndex = 0; path = DCTUIKitApp.app; sourceTree = BUILT_PRODUCTS_DIR; };
		24B8EB6413491326007A7E2B /* CoreData.framework */ = {isa = PBXFileReference; lastKnownFileType = wrapper.framework; name = CoreData.framework; path = System/Library/Frameworks/CoreData.framework; sourceTree = SDKROOT; };
		24B8EB6813491326007A7E2B /* DCTUIKitApp-Info.plist */ = {isa = PBXFileReference; lastKnownFileType = text.plist.xml; path = "DCTUIKitApp-Info.plist"; sourceTree = "<group>"; };
		24B8EB6A13491326007A7E2B /* en */ = {isa = PBXFileReference; lastKnownFileType = text.plist.strings; name = en; path = en.lproj/InfoPlist.strings; sourceTree = "<group>"; };
		24B8EB6C13491326007A7E2B /* DCTUIKitApp-Prefix.pch */ = {isa = PBXFileReference; lastKnownFileType = sourcecode.c.h; path = "DCTUIKitApp-Prefix.pch"; sourceTree = "<group>"; };
		24B8EB6D13491326007A7E2B /* main.m */ = {isa = PBXFileReference; lastKnownFileType = sourcecode.c.objc; path = main.m; sourceTree = "<group>"; };
		24B8EB7313491326007A7E2B /* en */ = {isa = PBXFileReference; lastKnownFileType = file.xib; name = en; path = en.lproj/MainWindow.xib; sourceTree = "<group>"; };
		24B8EB7613491326007A7E2B /* DCTUIKitApp.xcdatamodel */ = {isa = PBXFileReference; lastKnownFileType = wrapper.xcdatamodel; path = DCTUIKitApp.xcdatamodel; sourceTree = "<group>"; };
		24F54A72137C8711000AC87E /* UIWindow+DCTFirstResponder.h */ = {isa = PBXFileReference; fileEncoding = 4; lastKnownFileType = sourcecode.c.h; path = "UIWindow+DCTFirstResponder.h"; sourceTree = "<group>"; };
		24F54A73137C8711000AC87E /* UIWindow+DCTFirstResponder.m */ = {isa = PBXFileReference; fileEncoding = 4; lastKnownFileType = sourcecode.c.objc; path = "UIWindow+DCTFirstResponder.m"; sourceTree = "<group>"; };
		24F54A79137C88DA000AC87E /* UIView+DCTFirstResponder.h */ = {isa = PBXFileReference; fileEncoding = 4; lastKnownFileType = sourcecode.c.h; path = "UIView+DCTFirstResponder.h"; sourceTree = "<group>"; };
		24F54A7A137C88DA000AC87E /* UIView+DCTFirstResponder.m */ = {isa = PBXFileReference; fileEncoding = 4; lastKnownFileType = sourcecode.c.objc; path = "UIView+DCTFirstResponder.m"; sourceTree = "<group>"; };
/* End PBXFileReference section */

/* Begin PBXFrameworksBuildPhase section */
		24B8EB29134912BF007A7E2B /* Frameworks */ = {
			isa = PBXFrameworksBuildPhase;
			buildActionMask = 2147483647;
			files = (
				24B8EB30134912BF007A7E2B /* Foundation.framework in Frameworks */,
			);
			runOnlyForDeploymentPostprocessing = 0;
		};
		24B8EB35134912BF007A7E2B /* Frameworks */ = {
			isa = PBXFrameworksBuildPhase;
			buildActionMask = 2147483647;
			files = (
				24B8EB3B134912BF007A7E2B /* UIKit.framework in Frameworks */,
				24B8EB3C134912BF007A7E2B /* Foundation.framework in Frameworks */,
				24B8EB3E134912BF007A7E2B /* CoreGraphics.framework in Frameworks */,
				24B8EB41134912BF007A7E2B /* libDCTUIKit.a in Frameworks */,
			);
			runOnlyForDeploymentPostprocessing = 0;
		};
		24B8EB5C13491326007A7E2B /* Frameworks */ = {
			isa = PBXFrameworksBuildPhase;
			buildActionMask = 2147483647;
			files = (
				241A22B8134913F600574B99 /* libDCTUIKit.a in Frameworks */,
				24B8EB6113491326007A7E2B /* UIKit.framework in Frameworks */,
				24B8EB6213491326007A7E2B /* Foundation.framework in Frameworks */,
				24B8EB6313491326007A7E2B /* CoreGraphics.framework in Frameworks */,
				24B8EB6513491326007A7E2B /* CoreData.framework in Frameworks */,
			);
			runOnlyForDeploymentPostprocessing = 0;
		};
/* End PBXFrameworksBuildPhase section */

/* Begin PBXGroup section */
		241A2218134913D200574B99 /* Categories */ = {
			isa = PBXGroup;
			children = (
				241A2219134913D200574B99 /* UIAlertView+DCTErrorHandling.h */,
				241A221A134913D200574B99 /* UIAlertView+DCTErrorHandling.m */,
				241A221B134913D200574B99 /* UIColor+DCTComponents.h */,
				241A221C134913D200574B99 /* UIColor+DCTComponents.m */,
				241A221D134913D200574B99 /* UIColor+DCTHex.h */,
				241A221E134913D200574B99 /* UIColor+DCTHex.m */,
				241A221F134913D200574B99 /* UIDevice+DCTFeatureCheck.h */,
				241A2220134913D200574B99 /* UIDevice+DCTFeatureCheck.m */,
				241A2221134913D200574B99 /* UIDevice+DCTSystemVersion.h */,
				241A2222134913D200574B99 /* UIDevice+DCTSystemVersion.m */,
				241A2223134913D200574B99 /* UIResponder+DCTNextResponderExtensions.h */,
				241A2224134913D200574B99 /* UIResponder+DCTNextResponderExtensions.m */,
				241A2225134913D200574B99 /* UITableViewCell+DCTExtensions.h */,
				241A2226134913D200574B99 /* UITableViewCell+DCTExtensions.m */,
				241A2227134913D200574B99 /* UIView+DCTLogging.h */,
				241A2228134913D200574B99 /* UIView+DCTLogging.m */,
				241A2229134913D200574B99 /* UIView+DCTSubviewExtensions.h */,
				241A222A134913D200574B99 /* UIView+DCTSubviewExtensions.m */,
				241A222B134913D200574B99 /* UIViewController+DCTExtras.h */,
				241A222C134913D200574B99 /* UIViewController+DCTExtras.m */,
				24F54A72137C8711000AC87E /* UIWindow+DCTFirstResponder.h */,
				24F54A73137C8711000AC87E /* UIWindow+DCTFirstResponder.m */,
				24F54A79137C88DA000AC87E /* UIView+DCTFirstResponder.h */,
				24F54A7A137C88DA000AC87E /* UIView+DCTFirstResponder.m */,
			);
			path = Categories;
			sourceTree = "<group>";
		};
		241A222D134913D200574B99 /* Core Data Based */ = {
			isa = PBXGroup;
			children = (
				241A222E134913D200574B99 /* DCTCoreDataTableViewController.h */,
				241A222F134913D200574B99 /* DCTCoreDataTableViewController.m */,
				241A2230134913D200574B99 /* DCTCoreDataViewController.h */,
				241A2231134913D200574B99 /* DCTCoreDataViewController.m */,
				241A2232134913D200574B99 /* DCTFetchedResultsTableViewController.h */,
				241A2233134913D200574B99 /* DCTFetchedResultsTableViewController.m */,
				241A2234134913D200574B99 /* UIViewController+DCTCoreDataViewController.h */,
				241A2235134913D200574B99 /* UIViewController+DCTCoreDataViewController.m */,
			);
			path = "Core Data Based";
			sourceTree = "<group>";
		};
		241A2236134913D200574B99 /* DCTTabBarController */ = {
			isa = PBXGroup;
			children = (
				241A2237134913D200574B99 /* DCTTabBar.h */,
				241A2238134913D200574B99 /* DCTTabBar.m */,
				241A2239134913D200574B99 /* DCTTabBarController.h */,
				241A223A134913D200574B99 /* DCTTabBarController.m */,
				241A223B134913D200574B99 /* DCTUITabBar.h */,
				241A223C134913D200574B99 /* DCTUITabBar.m */,
			);
			path = DCTTabBarController;
			sourceTree = "<group>";
		};
		241A223D134913D200574B99 /* Section Controller */ = {
			isa = PBXGroup;
			children = (
				241A223E134913D200574B99 /* DCTTableViewSectionController.h */,
				241A223F134913D200574B99 /* DCTTableViewSectionController.m */,
			);
			path = "Section Controller";
			sourceTree = "<group>";
		};
		241A2240134913D200574B99 /* View Controllers */ = {
			isa = PBXGroup;
			children = (
				241A2241134913D200574B99 /* DCTContainerViewController.h */,
				241A2242134913D200574B99 /* DCTContainerViewController.m */,
				241A2243134913D200574B99 /* DCTContentViewController.h */,
				241A2244134913D200574B99 /* DCTContentViewController.m */,
				241A2245134913D200574B99 /* DCTTableViewController.h */,
				241A2246134913D200574B99 /* DCTTableViewController.m */,
				241A2247134913D200574B99 /* DCTViewController.h */,
				241A2248134913D200574B99 /* DCTViewController.m */,
			);
			path = "View Controllers";
			sourceTree = "<group>";
		};
		241A2275134913E800574B99 /* SampleViewControllers */ = {
			isa = PBXGroup;
			children = (
				241A229C134913E800574B99 /* TestViewController.h */,
				241A229D134913E800574B99 /* TestViewController.m */,
				241A229E134913E800574B99 /* TestViewController.xib */,
			);
			path = SampleViewControllers;
			sourceTree = SOURCE_ROOT;
		};
		241A22B91349147B00574B99 /* Libraries */ = {
			isa = PBXGroup;
			children = (
				24B8EB2C134912BF007A7E2B /* libDCTUIKit.a */,
			);
			name = Libraries;
			path = DCTUIKitApp;
			sourceTree = "<group>";
		};
		24B8EB21134912BF007A7E2B = {
			isa = PBXGroup;
			children = (
				241A2218134913D200574B99 /* Categories */,
				241A222D134913D200574B99 /* Core Data Based */,
				241A2236134913D200574B99 /* DCTTabBarController */,
				241A223D134913D200574B99 /* Section Controller */,
				241A2240134913D200574B99 /* View Controllers */,
				24B8EB31134912BF007A7E2B /* DCTUIKit */,
				24B8EB42134912BF007A7E2B /* DCTUIKitTests */,
				24B8EB6613491326007A7E2B /* DCTUIKitApp */,
				241A22B91349147B00574B99 /* Libraries */,
				24B8EB2E134912BF007A7E2B /* Frameworks */,
				24B8EB2D134912BF007A7E2B /* Products */,
			);
			sourceTree = "<group>";
		};
		24B8EB2D134912BF007A7E2B /* Products */ = {
			isa = PBXGroup;
			children = (
				24B8EB39134912BF007A7E2B /* DCTUIKitTests.octest */,
				24B8EB5F13491326007A7E2B /* DCTUIKitApp.app */,
			);
			name = Products;
			sourceTree = "<group>";
		};
		24B8EB2E134912BF007A7E2B /* Frameworks */ = {
			isa = PBXGroup;
			children = (
				24B8EB2F134912BF007A7E2B /* Foundation.framework */,
				24B8EB3A134912BF007A7E2B /* UIKit.framework */,
				24B8EB3D134912BF007A7E2B /* CoreGraphics.framework */,
				24B8EB6413491326007A7E2B /* CoreData.framework */,
			);
			name = Frameworks;
			sourceTree = "<group>";
		};
		24B8EB31134912BF007A7E2B /* DCTUIKit */ = {
			isa = PBXGroup;
			children = (
				24B8EB32134912BF007A7E2B /* Supporting Files */,
			);
			path = DCTUIKit;
			sourceTree = "<group>";
		};
		24B8EB32134912BF007A7E2B /* Supporting Files */ = {
			isa = PBXGroup;
			children = (
				24B8EB33134912BF007A7E2B /* DCTUIKit-Prefix.pch */,
			);
			name = "Supporting Files";
			sourceTree = "<group>";
		};
		24B8EB42134912BF007A7E2B /* DCTUIKitTests */ = {
			isa = PBXGroup;
			children = (
				24B8EB49134912BF007A7E2B /* DCTUIKitTests.h */,
				24B8EB4B134912BF007A7E2B /* DCTUIKitTests.m */,
				24B8EB43134912BF007A7E2B /* Supporting Files */,
			);
			path = DCTUIKitTests;
			sourceTree = "<group>";
		};
		24B8EB43134912BF007A7E2B /* Supporting Files */ = {
			isa = PBXGroup;
			children = (
				24B8EB44134912BF007A7E2B /* DCTUIKitTests-Info.plist */,
				24B8EB45134912BF007A7E2B /* InfoPlist.strings */,
				24B8EB48134912BF007A7E2B /* DCTUIKitTests-Prefix.pch */,
			);
			name = "Supporting Files";
			sourceTree = "<group>";
		};
		24B8EB6613491326007A7E2B /* DCTUIKitApp */ = {
			isa = PBXGroup;
			children = (
				241A2275134913E800574B99 /* SampleViewControllers */,
				241A22151349137B00574B99 /* DCTUIKitAppDelegate.h */,
				241A22161349137B00574B99 /* DCTUIKitAppDelegate.m */,
				24B8EB7213491326007A7E2B /* MainWindow.xib */,
				24B8EB7513491326007A7E2B /* DCTUIKitApp.xcdatamodeld */,
				24B8EB6713491326007A7E2B /* Supporting Files */,
			);
			path = DCTUIKitApp;
			sourceTree = "<group>";
		};
		24B8EB6713491326007A7E2B /* Supporting Files */ = {
			isa = PBXGroup;
			children = (
				24B8EB6813491326007A7E2B /* DCTUIKitApp-Info.plist */,
				24B8EB6913491326007A7E2B /* InfoPlist.strings */,
				24B8EB6C13491326007A7E2B /* DCTUIKitApp-Prefix.pch */,
				24B8EB6D13491326007A7E2B /* main.m */,
			);
			name = "Supporting Files";
			sourceTree = "<group>";
		};
/* End PBXGroup section */

/* Begin PBXHeadersBuildPhase section */
		24B8EB2A134912BF007A7E2B /* Headers */ = {
			isa = PBXHeadersBuildPhase;
			buildActionMask = 2147483647;
			files = (
				241A2249134913D200574B99 /* UIAlertView+DCTErrorHandling.h in Headers */,
				241A224B134913D200574B99 /* UIColor+DCTComponents.h in Headers */,
				241A224D134913D200574B99 /* UIColor+DCTHex.h in Headers */,
				241A224F134913D200574B99 /* UIDevice+DCTFeatureCheck.h in Headers */,
				241A2251134913D200574B99 /* UIDevice+DCTSystemVersion.h in Headers */,
				241A2253134913D200574B99 /* UIResponder+DCTNextResponderExtensions.h in Headers */,
				241A2255134913D200574B99 /* UITableViewCell+DCTExtensions.h in Headers */,
				241A2257134913D200574B99 /* UIView+DCTLogging.h in Headers */,
				241A2259134913D200574B99 /* UIView+DCTSubviewExtensions.h in Headers */,
				241A225B134913D200574B99 /* UIViewController+DCTExtras.h in Headers */,
				241A225D134913D200574B99 /* DCTCoreDataTableViewController.h in Headers */,
				241A225F134913D200574B99 /* DCTCoreDataViewController.h in Headers */,
				241A2261134913D200574B99 /* DCTFetchedResultsTableViewController.h in Headers */,
				241A2263134913D200574B99 /* UIViewController+DCTCoreDataViewController.h in Headers */,
				241A2265134913D200574B99 /* DCTTabBar.h in Headers */,
				241A2267134913D200574B99 /* DCTTabBarController.h in Headers */,
				241A2269134913D200574B99 /* DCTUITabBar.h in Headers */,
				241A226B134913D200574B99 /* DCTTableViewSectionController.h in Headers */,
				241A226D134913D200574B99 /* DCTContainerViewController.h in Headers */,
				241A226F134913D200574B99 /* DCTContentViewController.h in Headers */,
				241A2271134913D200574B99 /* DCTTableViewController.h in Headers */,
				241A2273134913D200574B99 /* DCTViewController.h in Headers */,
				24F54A74137C8711000AC87E /* UIWindow+DCTFirstResponder.h in Headers */,
				24F54A7B137C88DA000AC87E /* UIView+DCTFirstResponder.h in Headers */,
			);
			runOnlyForDeploymentPostprocessing = 0;
		};
/* End PBXHeadersBuildPhase section */

/* Begin PBXNativeTarget section */
		24B8EB2B134912BF007A7E2B /* DCTUIKit */ = {
			isa = PBXNativeTarget;
			buildConfigurationList = 24B8EB4F134912BF007A7E2B /* Build configuration list for PBXNativeTarget "DCTUIKit" */;
			buildPhases = (
				24B8EB28134912BF007A7E2B /* Sources */,
				24B8EB29134912BF007A7E2B /* Frameworks */,
				24B8EB2A134912BF007A7E2B /* Headers */,
			);
			buildRules = (
			);
			dependencies = (
			);
			name = DCTUIKit;
			productName = DCTUIKit;
			productReference = 24B8EB2C134912BF007A7E2B /* libDCTUIKit.a */;
			productType = "com.apple.product-type.library.static";
		};
		24B8EB38134912BF007A7E2B /* DCTUIKitTests */ = {
			isa = PBXNativeTarget;
			buildConfigurationList = 24B8EB52134912BF007A7E2B /* Build configuration list for PBXNativeTarget "DCTUIKitTests" */;
			buildPhases = (
				24B8EB34134912BF007A7E2B /* Sources */,
				24B8EB35134912BF007A7E2B /* Frameworks */,
				24B8EB36134912BF007A7E2B /* Resources */,
				24B8EB37134912BF007A7E2B /* ShellScript */,
			);
			buildRules = (
			);
			dependencies = (
				24B8EB40134912BF007A7E2B /* PBXTargetDependency */,
			);
			name = DCTUIKitTests;
			productName = DCTUIKitTests;
			productReference = 24B8EB39134912BF007A7E2B /* DCTUIKitTests.octest */;
			productType = "com.apple.product-type.bundle";
		};
		24B8EB5E13491326007A7E2B /* DCTUIKitApp */ = {
			isa = PBXNativeTarget;
			buildConfigurationList = 24B8EB7A13491326007A7E2B /* Build configuration list for PBXNativeTarget "DCTUIKitApp" */;
			buildPhases = (
				24B8EB5B13491326007A7E2B /* Sources */,
				24B8EB5C13491326007A7E2B /* Frameworks */,
				24B8EB5D13491326007A7E2B /* Resources */,
			);
			buildRules = (
			);
			dependencies = (
			);
			name = DCTUIKitApp;
			productName = DCTUIKitApp;
			productReference = 24B8EB5F13491326007A7E2B /* DCTUIKitApp.app */;
			productType = "com.apple.product-type.application";
		};
/* End PBXNativeTarget section */

/* Begin PBXProject section */
		24B8EB23134912BF007A7E2B /* Project object */ = {
			isa = PBXProject;
			attributes = {
				ORGANIZATIONNAME = "Daniel Tull";
			};
			buildConfigurationList = 24B8EB26134912BF007A7E2B /* Build configuration list for PBXProject "DCTUIKit" */;
			compatibilityVersion = "Xcode 3.2";
			developmentRegion = English;
			hasScannedForEncodings = 0;
			knownRegions = (
				en,
			);
			mainGroup = 24B8EB21134912BF007A7E2B;
			productRefGroup = 24B8EB2D134912BF007A7E2B /* Products */;
			projectDirPath = "";
			projectRoot = "";
			targets = (
				24B8EB2B134912BF007A7E2B /* DCTUIKit */,
				24B8EB38134912BF007A7E2B /* DCTUIKitTests */,
				24B8EB5E13491326007A7E2B /* DCTUIKitApp */,
			);
		};
/* End PBXProject section */

/* Begin PBXResourcesBuildPhase section */
		24B8EB36134912BF007A7E2B /* Resources */ = {
			isa = PBXResourcesBuildPhase;
			buildActionMask = 2147483647;
			files = (
				24B8EB47134912BF007A7E2B /* InfoPlist.strings in Resources */,
				24B8EB4A134912BF007A7E2B /* DCTUIKitTests.h in Resources */,
			);
			runOnlyForDeploymentPostprocessing = 0;
		};
		24B8EB5D13491326007A7E2B /* Resources */ = {
			isa = PBXResourcesBuildPhase;
			buildActionMask = 2147483647;
			files = (
				24B8EB6B13491326007A7E2B /* InfoPlist.strings in Resources */,
				24B8EB7413491326007A7E2B /* MainWindow.xib in Resources */,
				241A22B7134913E800574B99 /* TestViewController.xib in Resources */,
			);
			runOnlyForDeploymentPostprocessing = 0;
		};
/* End PBXResourcesBuildPhase section */

/* Begin PBXShellScriptBuildPhase section */
		24B8EB37134912BF007A7E2B /* ShellScript */ = {
			isa = PBXShellScriptBuildPhase;
			buildActionMask = 2147483647;
			files = (
			);
			inputPaths = (
			);
			outputPaths = (
			);
			runOnlyForDeploymentPostprocessing = 0;
			shellPath = /bin/sh;
			shellScript = "# Run the unit tests in this test bundle.\n\"${SYSTEM_DEVELOPER_DIR}/Tools/RunUnitTests\"\n";
		};
/* End PBXShellScriptBuildPhase section */

/* Begin PBXSourcesBuildPhase section */
		24B8EB28134912BF007A7E2B /* Sources */ = {
			isa = PBXSourcesBuildPhase;
			buildActionMask = 2147483647;
			files = (
				241A224A134913D200574B99 /* UIAlertView+DCTErrorHandling.m in Sources */,
				241A224C134913D200574B99 /* UIColor+DCTComponents.m in Sources */,
				241A224E134913D200574B99 /* UIColor+DCTHex.m in Sources */,
				241A2250134913D200574B99 /* UIDevice+DCTFeatureCheck.m in Sources */,
				241A2252134913D200574B99 /* UIDevice+DCTSystemVersion.m in Sources */,
				241A2254134913D200574B99 /* UIResponder+DCTNextResponderExtensions.m in Sources */,
				241A2256134913D200574B99 /* UITableViewCell+DCTExtensions.m in Sources */,
				241A2258134913D200574B99 /* UIView+DCTLogging.m in Sources */,
				241A225A134913D200574B99 /* UIView+DCTSubviewExtensions.m in Sources */,
				241A225C134913D200574B99 /* UIViewController+DCTExtras.m in Sources */,
				241A225E134913D200574B99 /* DCTCoreDataTableViewController.m in Sources */,
				241A2260134913D200574B99 /* DCTCoreDataViewController.m in Sources */,
				241A2262134913D200574B99 /* DCTFetchedResultsTableViewController.m in Sources */,
				241A2264134913D200574B99 /* UIViewController+DCTCoreDataViewController.m in Sources */,
				241A2266134913D200574B99 /* DCTTabBar.m in Sources */,
				241A2268134913D200574B99 /* DCTTabBarController.m in Sources */,
				241A226A134913D200574B99 /* DCTUITabBar.m in Sources */,
				241A226C134913D200574B99 /* DCTTableViewSectionController.m in Sources */,
				241A226E134913D200574B99 /* DCTContainerViewController.m in Sources */,
				241A2270134913D200574B99 /* DCTContentViewController.m in Sources */,
				241A2272134913D200574B99 /* DCTTableViewController.m in Sources */,
				241A2274134913D200574B99 /* DCTViewController.m in Sources */,
				24F54A75137C8711000AC87E /* UIWindow+DCTFirstResponder.m in Sources */,
				24F54A7C137C88DA000AC87E /* UIView+DCTFirstResponder.m in Sources */,
			);
			runOnlyForDeploymentPostprocessing = 0;
		};
		24B8EB34134912BF007A7E2B /* Sources */ = {
			isa = PBXSourcesBuildPhase;
			buildActionMask = 2147483647;
			files = (
				24B8EB4C134912BF007A7E2B /* DCTUIKitTests.m in Sources */,
				24F54A76137C8711000AC87E /* UIWindow+DCTFirstResponder.m in Sources */,
			);
			runOnlyForDeploymentPostprocessing = 0;
		};
		24B8EB5B13491326007A7E2B /* Sources */ = {
			isa = PBXSourcesBuildPhase;
			buildActionMask = 2147483647;
			files = (
				24B8EB6E13491326007A7E2B /* main.m in Sources */,
				24B8EB7713491326007A7E2B /* DCTUIKitApp.xcdatamodeld in Sources */,
				241A22171349137B00574B99 /* DCTUIKitAppDelegate.m in Sources */,
				241A22B6134913E800574B99 /* TestViewController.m in Sources */,
				24F54A77137C8711000AC87E /* UIWindow+DCTFirstResponder.m in Sources */,
			);
			runOnlyForDeploymentPostprocessing = 0;
		};
/* End PBXSourcesBuildPhase section */

/* Begin PBXTargetDependency section */
		24B8EB40134912BF007A7E2B /* PBXTargetDependency */ = {
			isa = PBXTargetDependency;
			target = 24B8EB2B134912BF007A7E2B /* DCTUIKit */;
			targetProxy = 24B8EB3F134912BF007A7E2B /* PBXContainerItemProxy */;
		};
/* End PBXTargetDependency section */

/* Begin PBXVariantGroup section */
		24B8EB45134912BF007A7E2B /* InfoPlist.strings */ = {
			isa = PBXVariantGroup;
			children = (
				24B8EB46134912BF007A7E2B /* en */,
			);
			name = InfoPlist.strings;
			sourceTree = "<group>";
		};
		24B8EB6913491326007A7E2B /* InfoPlist.strings */ = {
			isa = PBXVariantGroup;
			children = (
				24B8EB6A13491326007A7E2B /* en */,
			);
			name = InfoPlist.strings;
			sourceTree = "<group>";
		};
		24B8EB7213491326007A7E2B /* MainWindow.xib */ = {
			isa = PBXVariantGroup;
			children = (
				24B8EB7313491326007A7E2B /* en */,
			);
			name = MainWindow.xib;
			sourceTree = "<group>";
		};
/* End PBXVariantGroup section */

/* Begin XCBuildConfiguration section */
		24B8EB4D134912BF007A7E2B /* Debug */ = {
			isa = XCBuildConfiguration;
			buildSettings = {
				ARCHS = "$(ARCHS_STANDARD_32_BIT)";
				GCC_C_LANGUAGE_STANDARD = gnu99;
				GCC_OPTIMIZATION_LEVEL = 0;
				GCC_PREPROCESSOR_DEFINITIONS = DEBUG;
				GCC_SYMBOLS_PRIVATE_EXTERN = NO;
				GCC_VERSION = com.apple.compilers.llvm.clang.1_0;
				GCC_WARN_ABOUT_RETURN_TYPE = YES;
				GCC_WARN_UNUSED_VARIABLE = YES;
				IPHONEOS_DEPLOYMENT_TARGET = 4.3;
				SDKROOT = iphoneos;
			};
			name = Debug;
		};
		24B8EB4E134912BF007A7E2B /* Release */ = {
			isa = XCBuildConfiguration;
			buildSettings = {
				ARCHS = "$(ARCHS_STANDARD_32_BIT)";
				GCC_C_LANGUAGE_STANDARD = gnu99;
				GCC_VERSION = com.apple.compilers.llvm.clang.1_0;
				GCC_WARN_ABOUT_RETURN_TYPE = YES;
				GCC_WARN_UNUSED_VARIABLE = YES;
				IPHONEOS_DEPLOYMENT_TARGET = 4.3;
				SDKROOT = iphoneos;
			};
			name = Release;
		};
		24B8EB50134912BF007A7E2B /* Debug */ = {
			isa = XCBuildConfiguration;
			buildSettings = {
				ALWAYS_SEARCH_USER_PATHS = NO;
				DSTROOT = /tmp/DCTUIKit.dst;
				GCC_PRECOMPILE_PREFIX_HEADER = YES;
				GCC_PREFIX_HEADER = "DCTUIKit/DCTUIKit-Prefix.pch";
				OTHER_LDFLAGS = "-ObjC";
				PRODUCT_NAME = "$(TARGET_NAME)";
			};
			name = Debug;
		};
		24B8EB51134912BF007A7E2B /* Release */ = {
			isa = XCBuildConfiguration;
			buildSettings = {
				ALWAYS_SEARCH_USER_PATHS = NO;
				DSTROOT = /tmp/DCTUIKit.dst;
				GCC_PRECOMPILE_PREFIX_HEADER = YES;
				GCC_PREFIX_HEADER = "DCTUIKit/DCTUIKit-Prefix.pch";
				OTHER_LDFLAGS = "-ObjC";
				PRODUCT_NAME = "$(TARGET_NAME)";
			};
			name = Release;
		};
		24B8EB53134912BF007A7E2B /* Debug */ = {
			isa = XCBuildConfiguration;
			buildSettings = {
				ALWAYS_SEARCH_USER_PATHS = NO;
				FRAMEWORK_SEARCH_PATHS = (
					"$(SDKROOT)/Developer/Library/Frameworks",
					"$(DEVELOPER_LIBRARY_DIR)/Frameworks",
				);
				GCC_PRECOMPILE_PREFIX_HEADER = YES;
				GCC_PREFIX_HEADER = "DCTUIKitTests/DCTUIKitTests-Prefix.pch";
				INFOPLIST_FILE = "DCTUIKitTests/DCTUIKitTests-Info.plist";
				OTHER_LDFLAGS = (
					"-framework",
					SenTestingKit,
				);
				PRODUCT_NAME = "$(TARGET_NAME)";
				WRAPPER_EXTENSION = octest;
			};
			name = Debug;
		};
		24B8EB54134912BF007A7E2B /* Release */ = {
			isa = XCBuildConfiguration;
			buildSettings = {
				ALWAYS_SEARCH_USER_PATHS = NO;
				FRAMEWORK_SEARCH_PATHS = (
					"$(SDKROOT)/Developer/Library/Frameworks",
					"$(DEVELOPER_LIBRARY_DIR)/Frameworks",
				);
				GCC_PRECOMPILE_PREFIX_HEADER = YES;
				GCC_PREFIX_HEADER = "DCTUIKitTests/DCTUIKitTests-Prefix.pch";
				INFOPLIST_FILE = "DCTUIKitTests/DCTUIKitTests-Info.plist";
				OTHER_LDFLAGS = (
					"-framework",
					SenTestingKit,
				);
				PRODUCT_NAME = "$(TARGET_NAME)";
				WRAPPER_EXTENSION = octest;
			};
			name = Release;
		};
		24B8EB7813491326007A7E2B /* Debug */ = {
			isa = XCBuildConfiguration;
			buildSettings = {
				ALWAYS_SEARCH_USER_PATHS = NO;
				"CODE_SIGN_IDENTITY[sdk=iphoneos*]" = "iPhone Developer";
				COPY_PHASE_STRIP = NO;
				GCC_DYNAMIC_NO_PIC = NO;
				GCC_PRECOMPILE_PREFIX_HEADER = YES;
				GCC_PREFIX_HEADER = "DCTUIKitApp/DCTUIKitApp-Prefix.pch";
				INFOPLIST_FILE = "DCTUIKitApp/DCTUIKitApp-Info.plist";
				PRODUCT_NAME = "$(TARGET_NAME)";
				WRAPPER_EXTENSION = app;
			};
			name = Debug;
		};
		24B8EB7913491326007A7E2B /* Release */ = {
			isa = XCBuildConfiguration;
			buildSettings = {
				ALWAYS_SEARCH_USER_PATHS = NO;
				"CODE_SIGN_IDENTITY[sdk=iphoneos*]" = "iPhone Developer";
				COPY_PHASE_STRIP = YES;
				GCC_PRECOMPILE_PREFIX_HEADER = YES;
				GCC_PREFIX_HEADER = "DCTUIKitApp/DCTUIKitApp-Prefix.pch";
				INFOPLIST_FILE = "DCTUIKitApp/DCTUIKitApp-Info.plist";
				OTHER_CFLAGS = "-DNS_BLOCK_ASSERTIONS=1";
				PRODUCT_NAME = "$(TARGET_NAME)";
				VALIDATE_PRODUCT = YES;
				WRAPPER_EXTENSION = app;
			};
			name = Release;
		};
/* End XCBuildConfiguration section */

/* Begin XCConfigurationList section */
		24B8EB26134912BF007A7E2B /* Build configuration list for PBXProject "DCTUIKit" */ = {
			isa = XCConfigurationList;
			buildConfigurations = (
				24B8EB4D134912BF007A7E2B /* Debug */,
				24B8EB4E134912BF007A7E2B /* Release */,
			);
			defaultConfigurationIsVisible = 0;
			defaultConfigurationName = Release;
		};
		24B8EB4F134912BF007A7E2B /* Build configuration list for PBXNativeTarget "DCTUIKit" */ = {
			isa = XCConfigurationList;
			buildConfigurations = (
				24B8EB50134912BF007A7E2B /* Debug */,
				24B8EB51134912BF007A7E2B /* Release */,
			);
			defaultConfigurationIsVisible = 0;
			defaultConfigurationName = Release;
		};
		24B8EB52134912BF007A7E2B /* Build configuration list for PBXNativeTarget "DCTUIKitTests" */ = {
			isa = XCConfigurationList;
			buildConfigurations = (
				24B8EB53134912BF007A7E2B /* Debug */,
				24B8EB54134912BF007A7E2B /* Release */,
			);
			defaultConfigurationIsVisible = 0;
			defaultConfigurationName = Release;
		};
		24B8EB7A13491326007A7E2B /* Build configuration list for PBXNativeTarget "DCTUIKitApp" */ = {
			isa = XCConfigurationList;
			buildConfigurations = (
				24B8EB7813491326007A7E2B /* Debug */,
				24B8EB7913491326007A7E2B /* Release */,
			);
			defaultConfigurationIsVisible = 0;
			defaultConfigurationName = Release;
		};
/* End XCConfigurationList section */

/* Begin XCVersionGroup section */
		24B8EB7513491326007A7E2B /* DCTUIKitApp.xcdatamodeld */ = {
			isa = XCVersionGroup;
			children = (
				24B8EB7613491326007A7E2B /* DCTUIKitApp.xcdatamodel */,
			);
			currentVersion = 24B8EB7613491326007A7E2B /* DCTUIKitApp.xcdatamodel */;
			path = DCTUIKitApp.xcdatamodeld;
			sourceTree = "<group>";
			versionGroupType = wrapper.xcdatamodel;
		};
/* End XCVersionGroup section */
	};
	rootObject = 24B8EB23134912BF007A7E2B /* Project object */;
}
